
Microsoft Visual Studio Solution File, Format Version 12.00
# Visual Studio Version 17
VisualStudioVersion = 17.8.34408.163
MinimumVisualStudioVersion = 10.0.40219.1
Project("{FAE04EC0-301F-11D3-BF4B-00C04F79EFBC}") = "Junnie.WebAPI.TestGitHub", "Junnie.WebAPI.TestGitHub\Junnie.WebAPI.TestGitHub.csproj", "{B5BDB9F4-D0B0-417E-A9D3-F5B2E60F8005}"
EndProject
Global
	GlobalSection(SolutionConfigurationPlatforms) = preSolution
		Debug|Any CPU = Debug|Any CPU
		Release|Any CPU = Release|Any CPU
	EndGlobalSection
	GlobalSection(ProjectConfigurationPlatforms) = postSolution
		{B5BDB9F4-D0B0-417E-A9D3-F5B2E60F8005}.Debug|Any CPU.ActiveCfg = Debug|Any CPU
		{B5BDB9F4-D0B0-417E-A9D3-F5B2E60F8005}.Debug|Any CPU.Build.0 = Debug|Any CPU
		{B5BDB9F4-D0B0-417E-A9D3-F5B2E60F8005}.Release|Any CPU.ActiveCfg = Release|Any CPU
		{B5BDB9F4-D0B0-417E-A9D3-F5B2E60F8005}.Release|Any CPU.Build.0 = Release|Any CPU
	EndGlobalSection
	GlobalSection(SolutionProperties) = preSolution
		HideSolutionNode = FALSE
	EndGlobalSection
	GlobalSection(ExtensibilityGlobals) = postSolution
		SolutionGuid = {78337AE5-7803-46A5-8DB6-386FC8A050D5}
	EndGlobalSection
EndGlobal
